
Microsoft Visual Studio Solution File, Format Version 12.00
# Visual Studio Version 16
VisualStudioVersion = 16.0.32413.511
MinimumVisualStudioVersion = 10.0.40219.1
Project("{9A19103F-16F7-4668-BE54-9A1E7A4F7556}") = "WebUI", "WebUI\WebUI.csproj", "{D4850DDD-3DE3-4262-B282-CC3AE704B199}"
EndProject
Project("{9A19103F-16F7-4668-BE54-9A1E7A4F7556}") = "BlogSiteDataAccess", "BlogSiteDataAccess\BlogSiteDataAccess.csproj", "{B546455B-CB7C-4DF9-BEA1-EF86FD91C94C}"
EndProject
Project("{9A19103F-16F7-4668-BE54-9A1E7A4F7556}") = "BlogSiteCore", "BlogSiteCore\BlogSiteCore.csproj", "{D52C659E-D28A-47D8-A1A4-130C31D8D6DE}"
EndProject
Project("{9A19103F-16F7-4668-BE54-9A1E7A4F7556}") = "BlogSiteBusiness", "BlogSiteBusiness\BlogSiteBusiness.csproj", "{6A1F73EA-1B94-405B-BB96-0C419302CAB4}"
EndProject
Global
	GlobalSection(SolutionConfigurationPlatforms) = preSolution
		Debug|Any CPU = Debug|Any CPU
		Release|Any CPU = Release|Any CPU
	EndGlobalSection
	GlobalSection(ProjectConfigurationPlatforms) = postSolution
		{D4850DDD-3DE3-4262-B282-CC3AE704B199}.Debug|Any CPU.ActiveCfg = Debug|Any CPU
		{D4850DDD-3DE3-4262-B282-CC3AE704B199}.Debug|Any CPU.Build.0 = Debug|Any CPU
		{D4850DDD-3DE3-4262-B282-CC3AE704B199}.Release|Any CPU.ActiveCfg = Release|Any CPU
		{D4850DDD-3DE3-4262-B282-CC3AE704B199}.Release|Any CPU.Build.0 = Release|Any CPU
		{B546455B-CB7C-4DF9-BEA1-EF86FD91C94C}.Debug|Any CPU.ActiveCfg = Debug|Any CPU
		{B546455B-CB7C-4DF9-BEA1-EF86FD91C94C}.Debug|Any CPU.Build.0 = Debug|Any CPU
		{B546455B-CB7C-4DF9-BEA1-EF86FD91C94C}.Release|Any CPU.ActiveCfg = Release|Any CPU
		{B546455B-CB7C-4DF9-BEA1-EF86FD91C94C}.Release|Any CPU.Build.0 = Release|Any CPU
		{D52C659E-D28A-47D8-A1A4-130C31D8D6DE}.Debug|Any CPU.ActiveCfg = Debug|Any CPU
		{D52C659E-D28A-47D8-A1A4-130C31D8D6DE}.Debug|Any CPU.Build.0 = Debug|Any CPU
		{D52C659E-D28A-47D8-A1A4-130C31D8D6DE}.Release|Any CPU.ActiveCfg = Release|Any CPU
		{D52C659E-D28A-47D8-A1A4-130C31D8D6DE}.Release|Any CPU.Build.0 = Release|Any CPU
		{6A1F73EA-1B94-405B-BB96-0C419302CAB4}.Debug|Any CPU.ActiveCfg = Debug|Any CPU
		{6A1F73EA-1B94-405B-BB96-0C419302CAB4}.Debug|Any CPU.Build.0 = Debug|Any CPU
		{6A1F73EA-1B94-405B-BB96-0C419302CAB4}.Release|Any CPU.ActiveCfg = Release|Any CPU
		{6A1F73EA-1B94-405B-BB96-0C419302CAB4}.Release|Any CPU.Build.0 = Release|Any CPU
	EndGlobalSection
	GlobalSection(SolutionProperties) = preSolution
		HideSolutionNode = FALSE
	EndGlobalSection
	GlobalSection(ExtensibilityGlobals) = postSolution
		SolutionGuid = {BF481FCC-D2A5-49D5-9FEA-DDE029D83B3A}
	EndGlobalSection
EndGlobal
